<?xml version="1.0" encoding="UTF-8" standalone="yes" ?>
<CodeBlocks_project_file>
	<FileVersion major="1" minor="6" />
	<Project>
		<Option title="personalBudget" />
		<Option pch_mode="2" />
		<Option compiler="gcc" />
		<Build>
			<Target title="Debug">
				<Option output="bin/Debug/personalBudget" prefix_auto="1" extension_auto="1" />
				<Option object_output="obj/Debug/" />
				<Option type="1" />
				<Option compiler="gcc" />
				<Compiler>
					<Add option="-g" />
				</Compiler>
			</Target>
			<Target title="Release">
				<Option output="bin/Release/personalBudget" prefix_auto="1" extension_auto="1" />
				<Option object_output="obj/Release/" />
				<Option type="1" />
				<Option compiler="gcc" />
				<Compiler>
					<Add option="-O2" />
				</Compiler>
				<Linker>
					<Add option="-s" />
				</Linker>
			</Target>
		</Build>
		<Compiler>
			<Add option="-Wall" />
			<Add option="-fexceptions" />
		</Compiler>
		<Unit filename="AuxiliaryMethods.cpp" />
		<Unit filename="AuxiliaryMethods.h" />
		<Unit filename="BalanceManager.cpp" />
		<Unit filename="BalanceManager.h" />
		<Unit filename="DateOperationMethods.cpp" />
		<Unit filename="DateOperationMethods.h" />
		<Unit filename="Expense.cpp" />
		<Unit filename="Expense.h" />
		<Unit filename="ExpenseManager.cpp" />
		<Unit filename="ExpenseManager.h" />
		<Unit filename="FileWithExpenses.cpp" />
		<Unit filename="FileWithExpenses.h" />
		<Unit filename="FileWithIncomes.cpp" />
		<Unit filename="FileWithIncomes.h" />
		<Unit filename="FileWithUsers.cpp" />
		<Unit filename="FileWithUsers.h" />
		<Unit filename="Income.cpp" />
		<Unit filename="Income.h" />
		<Unit filename="IncomeManager.cpp" />
		<Unit filename="IncomeManager.h" />
		<Unit filename="Markup.cpp" />
		<Unit filename="Markup.h" />
		<Unit filename="PersonalBudget.cpp" />
		<Unit filename="PersonalBudget.h" />
		<Unit filename="Turnover.cpp" />
		<Unit filename="Turnover.h" />
		<Unit filename="User.cpp" />
		<Unit filename="User.h" />
		<Unit filename="UserManager.cpp" />
		<Unit filename="UserManager.h" />
		<Unit filename="main.cpp" />
		<Extensions>
			<code_completion />
			<envvars />
			<debugger />
		</Extensions>
	</Project>
</CodeBlocks_project_file>
